
Microsoft Visual Studio Solution File, Format Version 12.00
# Visual Studio Version 17
VisualStudioVersion = 17.8.34322.80
MinimumVisualStudioVersion = 10.0.40219.1
Project("{FAE04EC0-301F-11D3-BF4B-00C04F79EFBC}") = "Bamba RPG rev2", "Bamba RPG rev2\Bamba RPG rev2.csproj", "{CCD6D6DF-B86C-4B26-9057-9BAB274A420F}"
EndProject
Global
	GlobalSection(SolutionConfigurationPlatforms) = preSolution
		Debug|Any CPU = Debug|Any CPU
		Release|Any CPU = Release|Any CPU
	EndGlobalSection
	GlobalSection(ProjectConfigurationPlatforms) = postSolution
		{CCD6D6DF-B86C-4B26-9057-9BAB274A420F}.Debug|Any CPU.ActiveCfg = Debug|Any CPU
		{CCD6D6DF-B86C-4B26-9057-9BAB274A420F}.Debug|Any CPU.Build.0 = Debug|Any CPU
		{CCD6D6DF-B86C-4B26-9057-9BAB274A420F}.Release|Any CPU.ActiveCfg = Release|Any CPU
		{CCD6D6DF-B86C-4B26-9057-9BAB274A420F}.Release|Any CPU.Build.0 = Release|Any CPU
	EndGlobalSection
	GlobalSection(SolutionProperties) = preSolution
		HideSolutionNode = FALSE
	EndGlobalSection
	GlobalSection(ExtensibilityGlobals) = postSolution
		SolutionGuid = {1C48CBC0-CFF9-48D6-8178-259730548710}
	EndGlobalSection
EndGlobal
